{
  "object": {
    "pins": [
      {
        "package": "SymEngine",
        "repositoryURL": "/Users/ianruh/Dev/SymEngine",
        "state": {
          "branch": null,
          "revision": "c5242df2a279dd692ee23b3c2aaa181b161e592c",
          "version": "0.0.1"
        }
      }
    ]
  },
  "version": 1
}
