{
  "object": {
    "pins": [
      {
        "package": "SymEngine",
        "repositoryURL": "/Users/ianruh/Dev/SymEngine",
        "state": {
          "branch": null,
          "revision": "7159dd85c847d61aa2619f0cc8575714f838ec33",
          "version": "0.0.2"
        }
      }
    ]
  },
  "version": 1
}
